<?xml version="1.0" encoding="utf-8"?>
<Project ToolsVersion="4.0" xmlns="http://schemas.microsoft.com/developer/msbuild/2003">
  <ItemGroup>
    <ClCompile Include="$(MSBuildThisFileDirectory)application\application.cpp" />
    <ClCompile Include="$(MSBuildThisFileDirectory)application\control\colorPicker.cpp" />
    <ClCompile Include="$(MSBuildThisFileDirectory)application\control\eventTranslator.cpp" />
    <ClCompile Include="$(MSBuildThisFileDirectory)application\control\form\fileDialog.cpp" />
    <ClCompile Include="$(MSBuildThisFileDirectory)application\control\form\form.cpp" />
    <ClCompile Include="$(MSBuildThisFileDirectory)application\control\label.cpp" />
    <ClCompile Include="$(MSBuildThisFileDirectory)application\control\listControl.cpp" />
    <ClCompile Include="$(MSBuildThisFileDirectory)application\control\pictureBox.cpp" />
    <ClCompile Include="$(MSBuildThisFileDirectory)application\control\slider.cpp" />
    <ClCompile Include="$(MSBuildThisFileDirectory)application\control\textBox.cpp" />
    <ClCompile Include="$(MSBuildThisFileDirectory)application\control\touchJoystick.cpp" />
    <ClCompile Include="$(MSBuildThisFileDirectory)application\initialize.cpp" />
    <ClCompile Include="$(MSBuildThisFileDirectory)application\interaction.cpp" />
    <ClCompile Include="$(MSBuildThisFileDirectory)array\wstringFunctions.cpp" />
    <ClCompile Include="$(MSBuildThisFileDirectory)filesystem\fpng\fpng.cpp" />
    <ClCompile Include="$(MSBuildThisFileDirectory)filesystem\iserializable.cpp" />
    <ClCompile Include="$(MSBuildThisFileDirectory)filesystem\jsonReader.cpp" />
    <ClCompile Include="$(MSBuildThisFileDirectory)interface\idestructable.cpp" />
    <ClCompile Include="$(MSBuildThisFileDirectory)math\bodypart2d.cpp" />
    <ClCompile Include="$(MSBuildThisFileDirectory)math\collisions.cpp" />
    <ClCompile Include="$(MSBuildThisFileDirectory)math\frustum.cpp" />
    <ClCompile Include="$(MSBuildThisFileDirectory)math\graphics\brush\font\font.cpp" />
    <ClCompile Include="$(MSBuildThisFileDirectory)math\graphics\brush\font\fontfamily.cpp" />
    <ClCompile Include="$(MSBuildThisFileDirectory)math\graphics\color\color.cpp" />
    <ClCompile Include="$(MSBuildThisFileDirectory)math\graphics\resolutiontexture.cpp" />
    <ClCompile Include="$(MSBuildThisFileDirectory)math\graphics\texture.cpp" />
    <ClCompile Include="$(MSBuildThisFileDirectory)math\graphics\video\videoEncoder.cpp" />
    <ClCompile Include="$(MSBuildThisFileDirectory)math\intersectable.cpp" />
    <ClCompile Include="$(MSBuildThisFileDirectory)math\intersectableCuboid.cpp" />
    <ClCompile Include="$(MSBuildThisFileDirectory)math\keyframe.cpp" />
    <ClCompile Include="$(MSBuildThisFileDirectory)math\LayerNoiseSimplex.cpp" />
    <ClCompile Include="$(MSBuildThisFileDirectory)math\meshfunctions.cpp" />
    <ClCompile Include="$(MSBuildThisFileDirectory)math\random\random.cpp" />
    <ClCompile Include="$(MSBuildThisFileDirectory)math\SimplexNoise.cpp" />
    <ClCompile Include="$(MSBuildThisFileDirectory)math\sound\sound.cpp" />
    <ClCompile Include="$(MSBuildThisFileDirectory)math\timemath.cpp" />
    <ClCompile Include="$(MSBuildThisFileDirectory)math\triangle.cpp" />
    <ClCompile Include="$(MSBuildThisFileDirectory)math\wave\waveShaper.cpp" />
    <ClCompile Include="$(MSBuildThisFileDirectory)network\client\clientInput.cpp" />
    <ClCompile Include="$(MSBuildThisFileDirectory)network\compressedPacket.cpp" />
    <ClCompile Include="$(MSBuildThisFileDirectory)optimization\handleError.cpp" />
    <ClCompile Include="$(MSBuildThisFileDirectory)sound\audio2d.cpp" />
    <ClCompile Include="$(MSBuildThisFileDirectory)sound\audioSource.cpp" />
    <ClCompile Include="$(MSBuildThisFileDirectory)sound\soundHandler2D.cpp" />
    <ClCompile Include="$(MSBuildThisFileDirectory)math\graphics\brush\brush.cpp">
      <Filter>brush</Filter>
    </ClCompile>
    <ClCompile Include="$(MSBuildThisFileDirectory)math\graphics\brush\brushes.cpp">
      <Filter>brush</Filter>
    </ClCompile>
    <ClCompile Include="$(MSBuildThisFileDirectory)application\control\button.cpp">
      <Filter>control</Filter>
    </ClCompile>
    <ClCompile Include="$(MSBuildThisFileDirectory)application\control\checkbox.cpp">
      <Filter>control</Filter>
    </ClCompile>
    <ClCompile Include="$(MSBuildThisFileDirectory)application\control\control.cpp">
      <Filter>control</Filter>
    </ClCompile>
    <ClCompile Include="$(MSBuildThisFileDirectory)application\control\form\messageBox.cpp">
      <Filter>control</Filter>
    </ClCompile>
    <ClCompile Include="$(MSBuildThisFileDirectory)application\control\Graph.cpp">
      <Filter>control</Filter>
    </ClCompile>
  </ItemGroup>
  <ItemGroup>
    <ClInclude Include="$(MSBuildThisFileDirectory)application\application.h" />
    <ClInclude Include="$(MSBuildThisFileDirectory)application\applicationrunner.h" />
    <ClInclude Include="$(MSBuildThisFileDirectory)application\control\colorPicker.h" />
    <ClInclude Include="$(MSBuildThisFileDirectory)application\control\controlFunctions.h" />
    <ClInclude Include="$(MSBuildThisFileDirectory)application\control\eventTranslator.h" />
    <ClInclude Include="$(MSBuildThisFileDirectory)application\control\form\fileDialog.h" />
    <ClInclude Include="$(MSBuildThisFileDirectory)application\control\form\form.h" />
    <ClInclude Include="$(MSBuildThisFileDirectory)application\control\label.h" />
    <ClInclude Include="$(MSBuildThisFileDirectory)application\control\listControl.h" />
    <ClInclude Include="$(MSBuildThisFileDirectory)application\control\pictureBox.h" />
    <ClInclude Include="$(MSBuildThisFileDirectory)application\control\slider.h" />
    <ClInclude Include="$(MSBuildThisFileDirectory)application\control\textBox.h" />
    <ClInclude Include="$(MSBuildThisFileDirectory)application\control\touchJoystick.h" />
    <ClInclude Include="$(MSBuildThisFileDirectory)application\initialize.h" />
    <ClInclude Include="$(MSBuildThisFileDirectory)application\interaction.h" />
    <ClInclude Include="$(MSBuildThisFileDirectory)application\mouseButton.h" />
    <ClInclude Include="$(MSBuildThisFileDirectory)application\theme.h" />
    <ClInclude Include="$(MSBuildThisFileDirectory)application\thread\setThreadName.h" />
    <ClInclude Include="$(MSBuildThisFileDirectory)array\arrayFunctions\arrayFunctions.h" />
    <ClInclude Include="$(MSBuildThisFileDirectory)array\arrayFunctions\sortedArray.h" />
    <ClInclude Include="$(MSBuildThisFileDirectory)array\arraynd\arraynd.h" />
    <ClInclude Include="$(MSBuildThisFileDirectory)array\arraynd\arrayndFunctions.h" />
    <ClInclude Include="$(MSBuildThisFileDirectory)array\fastarray.h" />
    <ClInclude Include="$(MSBuildThisFileDirectory)array\fastlist.h" />
    <ClInclude Include="$(MSBuildThisFileDirectory)array\rectiteratortn.h" />
    <ClInclude Include="$(MSBuildThisFileDirectory)array\skiplist.h" />
    <ClInclude Include="$(MSBuildThisFileDirectory)array\tileList.h" />
    <ClInclude Include="$(MSBuildThisFileDirectory)array\wstringFunctions.h" />
    <ClInclude Include="$(MSBuildThisFileDirectory)event\eventargs.h" />
    <ClInclude Include="$(MSBuildThisFileDirectory)event\eventhandler.h" />
    <ClInclude Include="$(MSBuildThisFileDirectory)filesystem\fileFunctions.h" />
    <ClInclude Include="$(MSBuildThisFileDirectory)filesystem\fileio.h" />
    <ClInclude Include="$(MSBuildThisFileDirectory)filesystem\filemanager.h" />
    <ClInclude Include="$(MSBuildThisFileDirectory)filesystem\file\endian.h" />
    <ClInclude Include="$(MSBuildThisFileDirectory)filesystem\file\tcpSerializer.h" />
    <ClInclude Include="$(MSBuildThisFileDirectory)filesystem\fpng\fpng.h" />
    <ClInclude Include="$(MSBuildThisFileDirectory)filesystem\gzipIncluder.h" />
    <ClInclude Include="$(MSBuildThisFileDirectory)filesystem\iserializable.h" />
    <ClInclude Include="$(MSBuildThisFileDirectory)filesystem\iserializer.h" />
    <ClInclude Include="$(MSBuildThisFileDirectory)filesystem\jsonReader.h" />
    <ClInclude Include="$(MSBuildThisFileDirectory)filesystem\serialization.h" />
    <ClInclude Include="$(MSBuildThisFileDirectory)filesystem\serializer.h" />
    <ClInclude Include="$(MSBuildThisFileDirectory)filesystem\sfmlInputStream.h" />
    <ClInclude Include="$(MSBuildThisFileDirectory)filesystem\textfile.h" />
    <ClInclude Include="$(MSBuildThisFileDirectory)globalFunctions.h" />
    <ClInclude Include="$(MSBuildThisFileDirectory)interface\idestructable.h" />
    <ClInclude Include="$(MSBuildThisFileDirectory)interface\inamable.h" />
    <ClInclude Include="$(MSBuildThisFileDirectory)math\algorithm\findInCircles.h" />
    <ClInclude Include="$(MSBuildThisFileDirectory)math\algorithm\gcd.h" />
    <ClInclude Include="$(MSBuildThisFileDirectory)math\algorithm\iterate2Dto1D.h" />
    <ClInclude Include="$(MSBuildThisFileDirectory)math\algorithm\modInverse.h" />
    <ClInclude Include="$(MSBuildThisFileDirectory)math\axis.h" />
    <ClInclude Include="$(MSBuildThisFileDirectory)math\bigNumber.h" />
    <ClInclude Include="$(MSBuildThisFileDirectory)math\bodypart2d.h" />
    <ClInclude Include="$(MSBuildThisFileDirectory)math\collisions.h" />
    <ClInclude Include="$(MSBuildThisFileDirectory)math\coordinatesystem.h" />
    <ClInclude Include="$(MSBuildThisFileDirectory)math\cropline.h" />
    <ClInclude Include="$(MSBuildThisFileDirectory)math\dimension\dimensionalindex.h" />
    <ClInclude Include="$(MSBuildThisFileDirectory)math\direction.h" />
    <ClInclude Include="$(MSBuildThisFileDirectory)math\endlessPrecision.h" />
    <ClInclude Include="$(MSBuildThisFileDirectory)math\graphics\alignment.h" />
    <ClInclude Include="$(MSBuildThisFileDirectory)math\graphics\brush\brushes\bilinearInterpolator.h" />
    <ClInclude Include="$(MSBuildThisFileDirectory)math\graphics\brush\brushes\colorMixer.h" />
    <ClInclude Include="$(MSBuildThisFileDirectory)math\graphics\brush\brushes\grayScaleToTransparency.h" />
    <ClInclude Include="$(MSBuildThisFileDirectory)math\graphics\brush\brushes\saturator.h" />
    <ClInclude Include="$(MSBuildThisFileDirectory)math\graphics\brush\brushes\squareInterpolator.h" />
    <ClInclude Include="$(MSBuildThisFileDirectory)math\graphics\brush\font\baseFont.h" />
    <ClInclude Include="$(MSBuildThisFileDirectory)math\graphics\brush\font\font.h" />
    <ClInclude Include="$(MSBuildThisFileDirectory)math\graphics\brush\font\fontfamily.h" />
    <ClInclude Include="$(MSBuildThisFileDirectory)math\graphics\color\color.h" />
    <ClInclude Include="$(MSBuildThisFileDirectory)math\graphics\color\colorFunctions.h" />
    <ClInclude Include="$(MSBuildThisFileDirectory)math\graphics\color\colorPalette.h" />
    <ClInclude Include="$(MSBuildThisFileDirectory)math\graphics\doubleBuffer.h" />
    <ClInclude Include="$(MSBuildThisFileDirectory)math\graphics\fillRow.h" />
    <ClInclude Include="$(MSBuildThisFileDirectory)math\graphics\frustum.h" />
    <ClInclude Include="$(MSBuildThisFileDirectory)math\graphics\graphicsFunctions.h" />
    <ClInclude Include="$(MSBuildThisFileDirectory)math\graphics\imageLoader.h" />
    <ClInclude Include="$(MSBuildThisFileDirectory)math\graphics\imageWriter.h" />
    <ClInclude Include="$(MSBuildThisFileDirectory)math\graphics\resolutiontexture.h" />
    <ClInclude Include="$(MSBuildThisFileDirectory)math\graphics\stbincluder.h" />
    <ClInclude Include="$(MSBuildThisFileDirectory)math\graphics\texture.h" />
    <ClInclude Include="$(MSBuildThisFileDirectory)math\graphics\textures.h" />
    <ClInclude Include="$(MSBuildThisFileDirectory)math\graphics\video\videoEncoder.h" />
    <ClInclude Include="$(MSBuildThisFileDirectory)math\hashing.h" />
    <ClInclude Include="$(MSBuildThisFileDirectory)math\intersectable.h" />
    <ClInclude Include="$(MSBuildThisFileDirectory)math\intersectableCuboid.h" />
    <ClInclude Include="$(MSBuildThisFileDirectory)math\intersection.h" />
    <ClInclude Include="$(MSBuildThisFileDirectory)math\keyframe.h" />
    <ClInclude Include="$(MSBuildThisFileDirectory)math\LayerNoiseSimplex.h" />
    <ClInclude Include="$(MSBuildThisFileDirectory)math\MarchingCubes.h" />
    <ClInclude Include="$(MSBuildThisFileDirectory)math\mathFunctions.h" />
    <ClInclude Include="$(MSBuildThisFileDirectory)math\mattnxn.h" />
    <ClInclude Include="$(MSBuildThisFileDirectory)math\meshConstants.h" />
    <ClInclude Include="$(MSBuildThisFileDirectory)math\meshfunctions.h" />
    <ClInclude Include="$(MSBuildThisFileDirectory)math\octreenode.h" />
    <ClInclude Include="$(MSBuildThisFileDirectory)math\physics.h" />
    <ClInclude Include="$(MSBuildThisFileDirectory)math\physics\gravity\gravity.h" />
    <ClInclude Include="$(MSBuildThisFileDirectory)math\point3.h" />
    <ClInclude Include="$(MSBuildThisFileDirectory)math\random\random.h" />
    <ClInclude Include="$(MSBuildThisFileDirectory)math\random\randomBytes.h" />
    <ClInclude Include="$(MSBuildThisFileDirectory)math\random\shufflerandom.h" />
    <ClInclude Include="$(MSBuildThisFileDirectory)math\ray.h" />
    <ClInclude Include="$(MSBuildThisFileDirectory)math\raycast.h" />
    <ClInclude Include="$(MSBuildThisFileDirectory)math\raycastIterator.h" />
    <ClInclude Include="$(MSBuildThisFileDirectory)math\rectangle\rectangleBuilder.h" />
    <ClInclude Include="$(MSBuildThisFileDirectory)math\rectangle\rectanglefunctions.h" />
    <ClInclude Include="$(MSBuildThisFileDirectory)math\rectangle\rectangletn.h" />
    <ClInclude Include="$(MSBuildThisFileDirectory)math\SimplexNoise.h" />
    <ClInclude Include="$(MSBuildThisFileDirectory)math\sound\sound.h" />
    <ClInclude Include="$(MSBuildThisFileDirectory)math\sphere\Sphere.h" />
    <ClInclude Include="$(MSBuildThisFileDirectory)math\sphere\sphereCollisions.h" />
    <ClInclude Include="$(MSBuildThisFileDirectory)math\tile.h" />
    <ClInclude Include="$(MSBuildThisFileDirectory)math\timemath.h" />
    <ClInclude Include="$(MSBuildThisFileDirectory)math\treenodeiterator.h" />
    <ClInclude Include="$(MSBuildThisFileDirectory)math\triangle.h" />
    <ClInclude Include="$(MSBuildThisFileDirectory)math\triangulationtable.h" />
    <ClInclude Include="$(MSBuildThisFileDirectory)math\uuid.h" />
    <ClInclude Include="$(MSBuildThisFileDirectory)math\vector\vectn.h" />
    <ClInclude Include="$(MSBuildThisFileDirectory)math\vector\vectorfunctions.h" />
    <ClInclude Include="$(MSBuildThisFileDirectory)math\vector\vectorrandom.h" />
    <ClInclude Include="$(MSBuildThisFileDirectory)math\wave\waveShaper.h" />
    <ClInclude Include="$(MSBuildThisFileDirectory)network\client\clientInput.h" />
    <ClInclude Include="$(MSBuildThisFileDirectory)network\compressedPacket.h" />
    <ClInclude Include="$(MSBuildThisFileDirectory)optimization\benchmark.h" />
    <ClInclude Include="$(MSBuildThisFileDirectory)optimization\debug.h" />
    <ClInclude Include="$(MSBuildThisFileDirectory)optimization\handleError.h" />
    <ClInclude Include="$(MSBuildThisFileDirectory)optimization\macrotricks.h" />
    <ClInclude Include="$(MSBuildThisFileDirectory)optimization\optimization.h" />
    <ClInclude Include="$(MSBuildThisFileDirectory)optimization\stableTickLoop.h" />
    <ClInclude Include="$(MSBuildThisFileDirectory)sound\audio2d.h" />
    <ClInclude Include="$(MSBuildThisFileDirectory)sound\AudioSource.h" />
    <ClInclude Include="$(MSBuildThisFileDirectory)sound\AudioType.h" />
    <ClInclude Include="$(MSBuildThisFileDirectory)sound\soundHandler2D.h" />
    <ClInclude Include="$(MSBuildThisFileDirectory)type\conversion.h" />
    <ClInclude Include="$(MSBuildThisFileDirectory)type\EnumTricks.h" />
    <ClInclude Include="$(MSBuildThisFileDirectory)type\types.h" />
    <ClInclude Include="$(MSBuildThisFileDirectory)windowsIncluder.h" />
    <ClInclude Include="$(MSBuildThisFileDirectory)math\graphics\brush\brushes\DepthBufferBrush.h">
      <Filter>brush</Filter>
    </ClInclude>
    <ClInclude Include="$(MSBuildThisFileDirectory)math\graphics\brush\brushes\alphaMask.h">
      <Filter>brush</Filter>
    </ClInclude>
    <ClInclude Include="$(MSBuildThisFileDirectory)math\graphics\brush\brush.h">
      <Filter>brush</Filter>
    </ClInclude>
    <ClInclude Include="$(MSBuildThisFileDirectory)math\graphics\brush\brushes.h">
      <Filter>brush</Filter>
    </ClInclude>
    <ClInclude Include="$(MSBuildThisFileDirectory)math\graphics\brush\brushes\combineBrush.h">
      <Filter>brush</Filter>
    </ClInclude>
    <ClInclude Include="$(MSBuildThisFileDirectory)math\graphics\brush\brushes\functionPointerBrush.h">
      <Filter>brush</Filter>
    </ClInclude>
    <ClInclude Include="$(MSBuildThisFileDirectory)math\graphics\brush\brushes\repeatingBrush.h">
      <Filter>brush</Filter>
    </ClInclude>
    <ClInclude Include="$(MSBuildThisFileDirectory)math\graphics\brush\brushes\solidBrush.h">
      <Filter>brush</Filter>
    </ClInclude>
    <ClInclude Include="$(MSBuildThisFileDirectory)math\graphics\brush\brushes\solidColorBrush.h">
      <Filter>brush</Filter>
    </ClInclude>
    <ClInclude Include="$(MSBuildThisFileDirectory)math\graphics\brush\transformbrush.h">
      <Filter>brush</Filter>
    </ClInclude>
    <ClInclude Include="$(MSBuildThisFileDirectory)math\graphics\brush\brushes\vignetteBrush.h">
      <Filter>brush</Filter>
    </ClInclude>
    <ClInclude Include="$(MSBuildThisFileDirectory)math\graphics\brush\brushes\colorMaximizer.h">
      <Filter>brush</Filter>
    </ClInclude>
    <ClInclude Include="$(MSBuildThisFileDirectory)math\graphics\brush\brushes\colorMultiplier.h">
      <Filter>brush</Filter>
    </ClInclude>
    <ClInclude Include="$(MSBuildThisFileDirectory)application\control\button.h">
      <Filter>control</Filter>
    </ClInclude>
    <ClInclude Include="$(MSBuildThisFileDirectory)application\control\checkbox.h">
      <Filter>control</Filter>
    </ClInclude>
    <ClInclude Include="$(MSBuildThisFileDirectory)application\control\control.h">
      <Filter>control</Filter>
    </ClInclude>
    <ClInclude Include="$(MSBuildThisFileDirectory)application\control\form\messageBox.h">
      <Filter>control</Filter>
    </ClInclude>
    <ClInclude Include="$(MSBuildThisFileDirectory)application\control\Graph.h">
      <Filter>control</Filter>
    </ClInclude>
    <ClInclude Include="$(MSBuildThisFileDirectory)math\graphics\video\videoWriter.h" />
    <ClInclude Include="$(MSBuildThisFileDirectory)math\physics\RigidBody.h" />
    <ClInclude Include="$(MSBuildThisFileDirectory)math\physics\gravity\BarnesHutTile.h" />
    <ClInclude Include="$(MSBuildThisFileDirectory)math\quaternion\Quaternion.h" />
    <ClInclude Include="$(MSBuildThisFileDirectory)math\graphics\PixelOrientation.h" />
    <ClInclude Include="$(MSBuildThisFileDirectory)math\Square.h" />
    <ClInclude Include="$(MSBuildThisFileDirectory)math\graphics\video\videoReader.h" />
    <ClInclude Include="$(MSBuildThisFileDirectory)math\graphics\video\VideoSerializer.h" />
  </ItemGroup>
  <ItemGroup>
    <Filter Include="brush">
      <UniqueIdentifier>{b3cef4c9-3ad6-4b0b-af17-b217003d8acb}</UniqueIdentifier>
    </Filter>
    <Filter Include="control">
      <UniqueIdentifier>{2e97ffcc-c96b-4a56-b3f5-49367c5604d8}</UniqueIdentifier>
    </Filter>
  </ItemGroup>
</Project>